// !$*UTF8*$!
{
	archiveVersion = 1;
	classes = {
	};
	objectVersion = 50;
	objects = {

/* Begin PBXBuildFile section */
		5BF6FAA378F993BF4BFDDFAA /* Pods_CreateIcon.framework in Frameworks */ = {isa = PBXBuildFile; fileRef = B0CA61A156E4BCB0CA3BA203 /* Pods_CreateIcon.framework */; };
		84EBB27422374EA600070530 /* AppDelegate.swift in Sources */ = {isa = PBXBuildFile; fileRef = 84EBB27322374EA600070530 /* AppDelegate.swift */; };
		84EBB27622374EA600070530 /* ViewController.swift in Sources */ = {isa = PBXBuildFile; fileRef = 84EBB27522374EA600070530 /* ViewController.swift */; };
		84EBB27922374EA700070530 /* Main.storyboard in Resources */ = {isa = PBXBuildFile; fileRef = 84EBB27722374EA700070530 /* Main.storyboard */; };
		84EBB27C22374EA700070530 /* CreateIcon.xcdatamodeld in Sources */ = {isa = PBXBuildFile; fileRef = 84EBB27A22374EA700070530 /* CreateIcon.xcdatamodeld */; };
		84EBB27E22374EA900070530 /* Assets.xcassets in Resources */ = {isa = PBXBuildFile; fileRef = 84EBB27D22374EA900070530 /* Assets.xcassets */; };
		84EBB28122374EA900070530 /* LaunchScreen.storyboard in Resources */ = {isa = PBXBuildFile; fileRef = 84EBB27F22374EA900070530 /* LaunchScreen.storyboard */; };
		84EBB28C22374EA900070530 /* CreateIconTests.swift in Sources */ = {isa = PBXBuildFile; fileRef = 84EBB28B22374EA900070530 /* CreateIconTests.swift */; };
		84EBB29722374EA900070530 /* CreateIconUITests.swift in Sources */ = {isa = PBXBuildFile; fileRef = 84EBB29622374EA900070530 /* CreateIconUITests.swift */; };
		8D67F7E958F7078448D17D63 /* Pods_CreateIconTests.framework in Frameworks */ = {isa = PBXBuildFile; fileRef = 0A7F269245FF38F56BB5E162 /* Pods_CreateIconTests.framework */; };
		CB8742847A9C410AF0BC8DE8 /* Pods_CreateIconUITests.framework in Frameworks */ = {isa = PBXBuildFile; fileRef = 8723906C16CD1360BA9DEA66 /* Pods_CreateIconUITests.framework */; };
/* End PBXBuildFile section */

/* Begin PBXContainerItemProxy section */
		84EBB28822374EA900070530 /* PBXContainerItemProxy */ = {
			isa = PBXContainerItemProxy;
			containerPortal = 84EBB26822374EA600070530 /* Project object */;
			proxyType = 1;
			remoteGlobalIDString = 84EBB26F22374EA600070530;
			remoteInfo = CreateIcon;
		};
		84EBB29322374EA900070530 /* PBXContainerItemProxy */ = {
			isa = PBXContainerItemProxy;
			containerPortal = 84EBB26822374EA600070530 /* Project object */;
			proxyType = 1;
			remoteGlobalIDString = 84EBB26F22374EA600070530;
			remoteInfo = CreateIcon;
		};
/* End PBXContainerItemProxy section */

/* Begin PBXFileReference section */
		0A7F269245FF38F56BB5E162 /* Pods_CreateIconTests.framework */ = {isa = PBXFileReference; explicitFileType = wrapper.framework; includeInIndex = 0; path = Pods_CreateIconTests.framework; sourceTree = BUILT_PRODUCTS_DIR; };
		122096338CAFEE07C60ABE03 /* Pods-CreateIconTests.release.xcconfig */ = {isa = PBXFileReference; includeInIndex = 1; lastKnownFileType = text.xcconfig; name = "Pods-CreateIconTests.release.xcconfig"; path = "Target Support Files/Pods-CreateIconTests/Pods-CreateIconTests.release.xcconfig"; sourceTree = "<group>"; };
		2C662912FAE0BACFCCD9BD91 /* Pods-CreateIcon.debug.xcconfig */ = {isa = PBXFileReference; includeInIndex = 1; lastKnownFileType = text.xcconfig; name = "Pods-CreateIcon.debug.xcconfig"; path = "Target Support Files/Pods-CreateIcon/Pods-CreateIcon.debug.xcconfig"; sourceTree = "<group>"; };
		45641B48E7B812302C983CEC /* Pods-CreateIconTests.debug.xcconfig */ = {isa = PBXFileReference; includeInIndex = 1; lastKnownFileType = text.xcconfig; name = "Pods-CreateIconTests.debug.xcconfig"; path = "Target Support Files/Pods-CreateIconTests/Pods-CreateIconTests.debug.xcconfig"; sourceTree = "<group>"; };
		84EBB27022374EA600070530 /* CreateIcon.app */ = {isa = PBXFileReference; explicitFileType = wrapper.application; includeInIndex = 0; path = CreateIcon.app; sourceTree = BUILT_PRODUCTS_DIR; };
		84EBB27322374EA600070530 /* AppDelegate.swift */ = {isa = PBXFileReference; lastKnownFileType = sourcecode.swift; path = AppDelegate.swift; sourceTree = "<group>"; };
		84EBB27522374EA600070530 /* ViewController.swift */ = {isa = PBXFileReference; lastKnownFileType = sourcecode.swift; path = ViewController.swift; sourceTree = "<group>"; };
		84EBB27822374EA700070530 /* Base */ = {isa = PBXFileReference; lastKnownFileType = file.storyboard; name = Base; path = Base.lproj/Main.storyboard; sourceTree = "<group>"; };
		84EBB27B22374EA700070530 /* CreateIcon.xcdatamodel */ = {isa = PBXFileReference; lastKnownFileType = wrapper.xcdatamodel; path = CreateIcon.xcdatamodel; sourceTree = "<group>"; };
		84EBB27D22374EA900070530 /* Assets.xcassets */ = {isa = PBXFileReference; lastKnownFileType = folder.assetcatalog; path = Assets.xcassets; sourceTree = "<group>"; };
		84EBB28022374EA900070530 /* Base */ = {isa = PBXFileReference; lastKnownFileType = file.storyboard; name = Base; path = Base.lproj/LaunchScreen.storyboard; sourceTree = "<group>"; };
		84EBB28222374EA900070530 /* Info.plist */ = {isa = PBXFileReference; lastKnownFileType = text.plist.xml; path = Info.plist; sourceTree = "<group>"; };
		84EBB28722374EA900070530 /* CreateIconTests.xctest */ = {isa = PBXFileReference; explicitFileType = wrapper.cfbundle; includeInIndex = 0; path = CreateIconTests.xctest; sourceTree = BUILT_PRODUCTS_DIR; };
		84EBB28B22374EA900070530 /* CreateIconTests.swift */ = {isa = PBXFileReference; lastKnownFileType = sourcecode.swift; path = CreateIconTests.swift; sourceTree = "<group>"; };
		84EBB28D22374EA900070530 /* Info.plist */ = {isa = PBXFileReference; lastKnownFileType = text.plist.xml; path = Info.plist; sourceTree = "<group>"; };
		84EBB29222374EA900070530 /* CreateIconUITests.xctest */ = {isa = PBXFileReference; explicitFileType = wrapper.cfbundle; includeInIndex = 0; path = CreateIconUITests.xctest; sourceTree = BUILT_PRODUCTS_DIR; };
		84EBB29622374EA900070530 /* CreateIconUITests.swift */ = {isa = PBXFileReference; lastKnownFileType = sourcecode.swift; path = CreateIconUITests.swift; sourceTree = "<group>"; };
		84EBB29822374EA900070530 /* Info.plist */ = {isa = PBXFileReference; lastKnownFileType = text.plist.xml; path = Info.plist; sourceTree = "<group>"; };
		8723906C16CD1360BA9DEA66 /* Pods_CreateIconUITests.framework */ = {isa = PBXFileReference; explicitFileType = wrapper.framework; includeInIndex = 0; path = Pods_CreateIconUITests.framework; sourceTree = BUILT_PRODUCTS_DIR; };
		9E3337A1E2A342380B871E98 /* Pods-CreateIcon.release.xcconfig */ = {isa = PBXFileReference; includeInIndex = 1; lastKnownFileType = text.xcconfig; name = "Pods-CreateIcon.release.xcconfig"; path = "Target Support Files/Pods-CreateIcon/Pods-CreateIcon.release.xcconfig"; sourceTree = "<group>"; };
		9F03B671A8A7E37EE96A43C0 /* Pods-CreateIconUITests.debug.xcconfig */ = {isa = PBXFileReference; includeInIndex = 1; lastKnownFileType = text.xcconfig; name = "Pods-CreateIconUITests.debug.xcconfig"; path = "Target Support Files/Pods-CreateIconUITests/Pods-CreateIconUITests.debug.xcconfig"; sourceTree = "<group>"; };
		B0CA61A156E4BCB0CA3BA203 /* Pods_CreateIcon.framework */ = {isa = PBXFileReference; explicitFileType = wrapper.framework; includeInIndex = 0; path = Pods_CreateIcon.framework; sourceTree = BUILT_PRODUCTS_DIR; };
		F2838564458B356354A4A778 /* Pods-CreateIconUITests.release.xcconfig */ = {isa = PBXFileReference; includeInIndex = 1; lastKnownFileType = text.xcconfig; name = "Pods-CreateIconUITests.release.xcconfig"; path = "Target Support Files/Pods-CreateIconUITests/Pods-CreateIconUITests.release.xcconfig"; sourceTree = "<group>"; };
/* End PBXFileReference section */

/* Begin PBXFrameworksBuildPhase section */
		84EBB26D22374EA600070530 /* Frameworks */ = {
			isa = PBXFrameworksBuildPhase;
			buildActionMask = 2147483647;
			files = (
				5BF6FAA378F993BF4BFDDFAA /* Pods_CreateIcon.framework in Frameworks */,
			);
			runOnlyForDeploymentPostprocessing = 0;
		};
		84EBB28422374EA900070530 /* Frameworks */ = {
			isa = PBXFrameworksBuildPhase;
			buildActionMask = 2147483647;
			files = (
				8D67F7E958F7078448D17D63 /* Pods_CreateIconTests.framework in Frameworks */,
			);
			runOnlyForDeploymentPostprocessing = 0;
		};
		84EBB28F22374EA900070530 /* Frameworks */ = {
			isa = PBXFrameworksBuildPhase;
			buildActionMask = 2147483647;
			files = (
				CB8742847A9C410AF0BC8DE8 /* Pods_CreateIconUITests.framework in Frameworks */,
			);
			runOnlyForDeploymentPostprocessing = 0;
		};
/* End PBXFrameworksBuildPhase section */

/* Begin PBXGroup section */
		84EBB26722374EA600070530 = {
			isa = PBXGroup;
			children = (
				84EBB27222374EA600070530 /* CreateIcon */,
				84EBB28A22374EA900070530 /* CreateIconTests */,
				84EBB29522374EA900070530 /* CreateIconUITests */,
				84EBB27122374EA600070530 /* Products */,
				882065B9FF02A8A93B951031 /* Pods */,
				A881C5D7F5C28EF07497A0CA /* Frameworks */,
			);
			sourceTree = "<group>";
		};
		84EBB27122374EA600070530 /* Products */ = {
			isa = PBXGroup;
			children = (
				84EBB27022374EA600070530 /* CreateIcon.app */,
				84EBB28722374EA900070530 /* CreateIconTests.xctest */,
				84EBB29222374EA900070530 /* CreateIconUITests.xctest */,
			);
			name = Products;
			sourceTree = "<group>";
		};
		84EBB27222374EA600070530 /* CreateIcon */ = {
			isa = PBXGroup;
			children = (
				84EBB27322374EA600070530 /* AppDelegate.swift */,
				84EBB27522374EA600070530 /* ViewController.swift */,
				84EBB27722374EA700070530 /* Main.storyboard */,
				84EBB27D22374EA900070530 /* Assets.xcassets */,
				84EBB27F22374EA900070530 /* LaunchScreen.storyboard */,
				84EBB28222374EA900070530 /* Info.plist */,
				84EBB27A22374EA700070530 /* CreateIcon.xcdatamodeld */,
			);
			path = CreateIcon;
			sourceTree = "<group>";
		};
		84EBB28A22374EA900070530 /* CreateIconTests */ = {
			isa = PBXGroup;
			children = (
				84EBB28B22374EA900070530 /* CreateIconTests.swift */,
				84EBB28D22374EA900070530 /* Info.plist */,
			);
			path = CreateIconTests;
			sourceTree = "<group>";
		};
		84EBB29522374EA900070530 /* CreateIconUITests */ = {
			isa = PBXGroup;
			children = (
				84EBB29622374EA900070530 /* CreateIconUITests.swift */,
				84EBB29822374EA900070530 /* Info.plist */,
			);
			path = CreateIconUITests;
			sourceTree = "<group>";
		};
		882065B9FF02A8A93B951031 /* Pods */ = {
			isa = PBXGroup;
			children = (
				2C662912FAE0BACFCCD9BD91 /* Pods-CreateIcon.debug.xcconfig */,
				9E3337A1E2A342380B871E98 /* Pods-CreateIcon.release.xcconfig */,
				45641B48E7B812302C983CEC /* Pods-CreateIconTests.debug.xcconfig */,
				122096338CAFEE07C60ABE03 /* Pods-CreateIconTests.release.xcconfig */,
				9F03B671A8A7E37EE96A43C0 /* Pods-CreateIconUITests.debug.xcconfig */,
				F2838564458B356354A4A778 /* Pods-CreateIconUITests.release.xcconfig */,
			);
			name = Pods;
			path = Pods;
			sourceTree = "<group>";
		};
		A881C5D7F5C28EF07497A0CA /* Frameworks */ = {
			isa = PBXGroup;
			children = (
				B0CA61A156E4BCB0CA3BA203 /* Pods_CreateIcon.framework */,
				0A7F269245FF38F56BB5E162 /* Pods_CreateIconTests.framework */,
				8723906C16CD1360BA9DEA66 /* Pods_CreateIconUITests.framework */,
			);
			name = Frameworks;
			sourceTree = "<group>";
		};
/* End PBXGroup section */

/* Begin PBXNativeTarget section */
		84EBB26F22374EA600070530 /* CreateIcon */ = {
			isa = PBXNativeTarget;
			buildConfigurationList = 84EBB29B22374EA900070530 /* Build configuration list for PBXNativeTarget "CreateIcon" */;
			buildPhases = (
				B245E6FD3BD32B2F97819444 /* [CP] Check Pods Manifest.lock */,
				84EBB26C22374EA600070530 /* Sources */,
				84EBB26D22374EA600070530 /* Frameworks */,
				84EBB26E22374EA600070530 /* Resources */,
				D0F153E5208B832303083561 /* [CP] Embed Pods Frameworks */,
			);
			buildRules = (
			);
			dependencies = (
			);
			name = CreateIcon;
			productName = CreateIcon;
			productReference = 84EBB27022374EA600070530 /* CreateIcon.app */;
			productType = "com.apple.product-type.application";
		};
		84EBB28622374EA900070530 /* CreateIconTests */ = {
			isa = PBXNativeTarget;
			buildConfigurationList = 84EBB29E22374EA900070530 /* Build configuration list for PBXNativeTarget "CreateIconTests" */;
			buildPhases = (
				8DEA50542D6F6B3249E74F07 /* [CP] Check Pods Manifest.lock */,
				84EBB28322374EA900070530 /* Sources */,
				84EBB28422374EA900070530 /* Frameworks */,
				84EBB28522374EA900070530 /* Resources */,
			);
			buildRules = (
			);
			dependencies = (
				84EBB28922374EA900070530 /* PBXTargetDependency */,
			);
			name = CreateIconTests;
			productName = CreateIconTests;
			productReference = 84EBB28722374EA900070530 /* CreateIconTests.xctest */;
			productType = "com.apple.product-type.bundle.unit-test";
		};
		84EBB29122374EA900070530 /* CreateIconUITests */ = {
			isa = PBXNativeTarget;
			buildConfigurationList = 84EBB2A122374EA900070530 /* Build configuration list for PBXNativeTarget "CreateIconUITests" */;
			buildPhases = (
				C05CD81D1AE935897CD34682 /* [CP] Check Pods Manifest.lock */,
				84EBB28E22374EA900070530 /* Sources */,
				84EBB28F22374EA900070530 /* Frameworks */,
				84EBB29022374EA900070530 /* Resources */,
			);
			buildRules = (
			);
			dependencies = (
				84EBB29422374EA900070530 /* PBXTargetDependency */,
			);
			name = CreateIconUITests;
			productName = CreateIconUITests;
			productReference = 84EBB29222374EA900070530 /* CreateIconUITests.xctest */;
			productType = "com.apple.product-type.bundle.ui-testing";
		};
/* End PBXNativeTarget section */

/* Begin PBXProject section */
		84EBB26822374EA600070530 /* Project object */ = {
			isa = PBXProject;
			attributes = {
				LastSwiftUpdateCheck = 1010;
				LastUpgradeCheck = 1010;
				ORGANIZATIONNAME = Admin;
				TargetAttributes = {
					84EBB26F22374EA600070530 = {
						CreatedOnToolsVersion = 10.1;
					};
					84EBB28622374EA900070530 = {
						CreatedOnToolsVersion = 10.1;
						TestTargetID = 84EBB26F22374EA600070530;
					};
					84EBB29122374EA900070530 = {
						CreatedOnToolsVersion = 10.1;
						TestTargetID = 84EBB26F22374EA600070530;
					};
				};
			};
			buildConfigurationList = 84EBB26B22374EA600070530 /* Build configuration list for PBXProject "CreateIcon" */;
			compatibilityVersion = "Xcode 9.3";
			developmentRegion = en;
			hasScannedForEncodings = 0;
			knownRegions = (
				en,
				Base,
			);
			mainGroup = 84EBB26722374EA600070530;
			productRefGroup = 84EBB27122374EA600070530 /* Products */;
			projectDirPath = "";
			projectRoot = "";
			targets = (
				84EBB26F22374EA600070530 /* CreateIcon */,
				84EBB28622374EA900070530 /* CreateIconTests */,
				84EBB29122374EA900070530 /* CreateIconUITests */,
			);
		};
/* End PBXProject section */

/* Begin PBXResourcesBuildPhase section */
		84EBB26E22374EA600070530 /* Resources */ = {
			isa = PBXResourcesBuildPhase;
			buildActionMask = 2147483647;
			files = (
				84EBB28122374EA900070530 /* LaunchScreen.storyboard in Resources */,
				84EBB27E22374EA900070530 /* Assets.xcassets in Resources */,
				84EBB27922374EA700070530 /* Main.storyboard in Resources */,
			);
			runOnlyForDeploymentPostprocessing = 0;
		};
		84EBB28522374EA900070530 /* Resources */ = {
			isa = PBXResourcesBuildPhase;
			buildActionMask = 2147483647;
			files = (
			);
			runOnlyForDeploymentPostprocessing = 0;
		};
		84EBB29022374EA900070530 /* Resources */ = {
			isa = PBXResourcesBuildPhase;
			buildActionMask = 2147483647;
			files = (
			);
			runOnlyForDeploymentPostprocessing = 0;
		};
/* End PBXResourcesBuildPhase section */

/* Begin PBXShellScriptBuildPhase section */
		8DEA50542D6F6B3249E74F07 /* [CP] Check Pods Manifest.lock */ = {
			isa = PBXShellScriptBuildPhase;
			buildActionMask = 2147483647;
			files = (
			);
			inputFileListPaths = (
			);
			inputPaths = (
				"${PODS_PODFILE_DIR_PATH}/Podfile.lock",
				"${PODS_ROOT}/Manifest.lock",
			);
			name = "[CP] Check Pods Manifest.lock";
			outputFileListPaths = (
			);
			outputPaths = (
				"$(DERIVED_FILE_DIR)/Pods-CreateIconTests-checkManifestLockResult.txt",
			);
			runOnlyForDeploymentPostprocessing = 0;
			shellPath = /bin/sh;
			shellScript = "diff \"${PODS_PODFILE_DIR_PATH}/Podfile.lock\" \"${PODS_ROOT}/Manifest.lock\" > /dev/null\nif [ $? != 0 ] ; then\n    # print error to STDERR\n    echo \"error: The sandbox is not in sync with the Podfile.lock. Run 'pod install' or update your CocoaPods installation.\" >&2\n    exit 1\nfi\n# This output is used by Xcode 'outputs' to avoid re-running this script phase.\necho \"SUCCESS\" > \"${SCRIPT_OUTPUT_FILE_0}\"\n";
			showEnvVarsInLog = 0;
		};
		B245E6FD3BD32B2F97819444 /* [CP] Check Pods Manifest.lock */ = {
			isa = PBXShellScriptBuildPhase;
			buildActionMask = 2147483647;
			files = (
			);
			inputFileListPaths = (
			);
			inputPaths = (
				"${PODS_PODFILE_DIR_PATH}/Podfile.lock",
				"${PODS_ROOT}/Manifest.lock",
			);
			name = "[CP] Check Pods Manifest.lock";
			outputFileListPaths = (
			);
			outputPaths = (
				"$(DERIVED_FILE_DIR)/Pods-CreateIcon-checkManifestLockResult.txt",
			);
			runOnlyForDeploymentPostprocessing = 0;
			shellPath = /bin/sh;
			shellScript = "diff \"${PODS_PODFILE_DIR_PATH}/Podfile.lock\" \"${PODS_ROOT}/Manifest.lock\" > /dev/null\nif [ $? != 0 ] ; then\n    # print error to STDERR\n    echo \"error: The sandbox is not in sync with the Podfile.lock. Run 'pod install' or update your CocoaPods installation.\" >&2\n    exit 1\nfi\n# This output is used by Xcode 'outputs' to avoid re-running this script phase.\necho \"SUCCESS\" > \"${SCRIPT_OUTPUT_FILE_0}\"\n";
			showEnvVarsInLog = 0;
		};
		C05CD81D1AE935897CD34682 /* [CP] Check Pods Manifest.lock */ = {
			isa = PBXShellScriptBuildPhase;
			buildActionMask = 2147483647;
			files = (
			);
			inputFileListPaths = (
			);
			inputPaths = (
				"${PODS_PODFILE_DIR_PATH}/Podfile.lock",
				"${PODS_ROOT}/Manifest.lock",
			);
			name = "[CP] Check Pods Manifest.lock";
			outputFileListPaths = (
			);
			outputPaths = (
				"$(DERIVED_FILE_DIR)/Pods-CreateIconUITests-checkManifestLockResult.txt",
			);
			runOnlyForDeploymentPostprocessing = 0;
			shellPath = /bin/sh;
			shellScript = "diff \"${PODS_PODFILE_DIR_PATH}/Podfile.lock\" \"${PODS_ROOT}/Manifest.lock\" > /dev/null\nif [ $? != 0 ] ; then\n    # print error to STDERR\n    echo \"error: The sandbox is not in sync with the Podfile.lock. Run 'pod install' or update your CocoaPods installation.\" >&2\n    exit 1\nfi\n# This output is used by Xcode 'outputs' to avoid re-running this script phase.\necho \"SUCCESS\" > \"${SCRIPT_OUTPUT_FILE_0}\"\n";
			showEnvVarsInLog = 0;
		};
		D0F153E5208B832303083561 /* [CP] Embed Pods Frameworks */ = {
			isa = PBXShellScriptBuildPhase;
			buildActionMask = 2147483647;
			files = (
			);
			inputFileListPaths = (
			);
			inputPaths = (
				"${PODS_ROOT}/Target Support Files/Pods-CreateIcon/Pods-CreateIcon-frameworks.sh",
				"${BUILT_PRODUCTS_DIR}/Alamofire/Alamofire.framework",
				"${BUILT_PRODUCTS_DIR}/BoringSSL-GRPC/openssl_grpc.framework",
				"${BUILT_PRODUCTS_DIR}/DynamicBlurView/DynamicBlurView.framework",
				"${BUILT_PRODUCTS_DIR}/GoogleUtilities/GoogleUtilities.framework",
				"${BUILT_PRODUCTS_DIR}/Image/Image.framework",
				"${BUILT_PRODUCTS_DIR}/ImageSlideshow/ImageSlideshow.framework",
				"${BUILT_PRODUCTS_DIR}/PopupDialog/PopupDialog.framework",
				"${BUILT_PRODUCTS_DIR}/PopupKit/PopupKit.framework",
				"${BUILT_PRODUCTS_DIR}/Protobuf/Protobuf.framework",
				"${BUILT_PRODUCTS_DIR}/gRPC-C++/grpcpp.framework",
				"${BUILT_PRODUCTS_DIR}/gRPC-Core/grpc.framework",
				"${BUILT_PRODUCTS_DIR}/leveldb-library/leveldb.framework",
				"${BUILT_PRODUCTS_DIR}/nanopb/nanopb.framework",
			);
			name = "[CP] Embed Pods Frameworks";
			outputFileListPaths = (
			);
			outputPaths = (
				"${TARGET_BUILD_DIR}/${FRAMEWORKS_FOLDER_PATH}/Alamofire.framework",
				"${TARGET_BUILD_DIR}/${FRAMEWORKS_FOLDER_PATH}/openssl_grpc.framework",
				"${TARGET_BUILD_DIR}/${FRAMEWORKS_FOLDER_PATH}/DynamicBlurView.framework",
				"${TARGET_BUILD_DIR}/${FRAMEWORKS_FOLDER_PATH}/GoogleUtilities.framework",
				"${TARGET_BUILD_DIR}/${FRAMEWORKS_FOLDER_PATH}/Image.framework",
				"${TARGET_BUILD_DIR}/${FRAMEWORKS_FOLDER_PATH}/ImageSlideshow.framework",
				"${TARGET_BUILD_DIR}/${FRAMEWORKS_FOLDER_PATH}/PopupDialog.framework",
				"${TARGET_BUILD_DIR}/${FRAMEWORKS_FOLDER_PATH}/PopupKit.framework",
				"${TARGET_BUILD_DIR}/${FRAMEWORKS_FOLDER_PATH}/Protobuf.framework",
				"${TARGET_BUILD_DIR}/${FRAMEWORKS_FOLDER_PATH}/grpcpp.framework",
				"${TARGET_BUILD_DIR}/${FRAMEWORKS_FOLDER_PATH}/grpc.framework",
				"${TARGET_BUILD_DIR}/${FRAMEWORKS_FOLDER_PATH}/leveldb.framework",
				"${TARGET_BUILD_DIR}/${FRAMEWORKS_FOLDER_PATH}/nanopb.framework",
			);
			runOnlyForDeploymentPostprocessing = 0;
			shellPath = /bin/sh;
			shellScript = "\"${PODS_ROOT}/Target Support Files/Pods-CreateIcon/Pods-CreateIcon-frameworks.sh\"\n";
			showEnvVarsInLog = 0;
		};
/* End PBXShellScriptBuildPhase section */

/* Begin PBXSourcesBuildPhase section */
		84EBB26C22374EA600070530 /* Sources */ = {
			isa = PBXSourcesBuildPhase;
			buildActionMask = 2147483647;
			files = (
				84EBB27622374EA600070530 /* ViewController.swift in Sources */,
				84EBB27C22374EA700070530 /* CreateIcon.xcdatamodeld in Sources */,
				84EBB27422374EA600070530 /* AppDelegate.swift in Sources */,
			);
			runOnlyForDeploymentPostprocessing = 0;
		};
		84EBB28322374EA900070530 /* Sources */ = {
			isa = PBXSourcesBuildPhase;
			buildActionMask = 2147483647;
			files = (
				84EBB28C22374EA900070530 /* CreateIconTests.swift in Sources */,
			);
			runOnlyForDeploymentPostprocessing = 0;
		};
		84EBB28E22374EA900070530 /* Sources */ = {
			isa = PBXSourcesBuildPhase;
			buildActionMask = 2147483647;
			files = (
				84EBB29722374EA900070530 /* CreateIconUITests.swift in Sources */,
			);
			runOnlyForDeploymentPostprocessing = 0;
		};
/* End PBXSourcesBuildPhase section */

/* Begin PBXTargetDependency section */
		84EBB28922374EA900070530 /* PBXTargetDependency */ = {
			isa = PBXTargetDependency;
			target = 84EBB26F22374EA600070530 /* CreateIcon */;
			targetProxy = 84EBB28822374EA900070530 /* PBXContainerItemProxy */;
		};
		84EBB29422374EA900070530 /* PBXTargetDependency */ = {
			isa = PBXTargetDependency;
			target = 84EBB26F22374EA600070530 /* CreateIcon */;
			targetProxy = 84EBB29322374EA900070530 /* PBXContainerItemProxy */;
		};
/* End PBXTargetDependency section */

/* Begin PBXVariantGroup section */
		84EBB27722374EA700070530 /* Main.storyboard */ = {
			isa = PBXVariantGroup;
			children = (
				84EBB27822374EA700070530 /* Base */,
			);
			name = Main.storyboard;
			sourceTree = "<group>";
		};
		84EBB27F22374EA900070530 /* LaunchScreen.storyboard */ = {
			isa = PBXVariantGroup;
			children = (
				84EBB28022374EA900070530 /* Base */,
			);
			name = LaunchScreen.storyboard;
			sourceTree = "<group>";
		};
/* End PBXVariantGroup section */

/* Begin XCBuildConfiguration section */
		84EBB29922374EA900070530 /* Debug */ = {
			isa = XCBuildConfiguration;
			buildSettings = {
				ALWAYS_SEARCH_USER_PATHS = NO;
				CLANG_ANALYZER_NONNULL = YES;
				CLANG_ANALYZER_NUMBER_OBJECT_CONVERSION = YES_AGGRESSIVE;
				CLANG_CXX_LANGUAGE_STANDARD = "gnu++14";
				CLANG_CXX_LIBRARY = "libc++";
				CLANG_ENABLE_MODULES = YES;
				CLANG_ENABLE_OBJC_ARC = YES;
				CLANG_ENABLE_OBJC_WEAK = YES;
				CLANG_WARN_BLOCK_CAPTURE_AUTORELEASING = YES;
				CLANG_WARN_BOOL_CONVERSION = YES;
				CLANG_WARN_COMMA = YES;
				CLANG_WARN_CONSTANT_CONVERSION = YES;
				CLANG_WARN_DEPRECATED_OBJC_IMPLEMENTATIONS = YES;
				CLANG_WARN_DIRECT_OBJC_ISA_USAGE = YES_ERROR;
				CLANG_WARN_DOCUMENTATION_COMMENTS = YES;
				CLANG_WARN_EMPTY_BODY = YES;
				CLANG_WARN_ENUM_CONVERSION = YES;
				CLANG_WARN_INFINITE_RECURSION = YES;
				CLANG_WARN_INT_CONVERSION = YES;
				CLANG_WARN_NON_LITERAL_NULL_CONVERSION = YES;
				CLANG_WARN_OBJC_IMPLICIT_RETAIN_SELF = YES;
				CLANG_WARN_OBJC_LITERAL_CONVERSION = YES;
				CLANG_WARN_OBJC_ROOT_CLASS = YES_ERROR;
				CLANG_WARN_RANGE_LOOP_ANALYSIS = YES;
				CLANG_WARN_STRICT_PROTOTYPES = YES;
				CLANG_WARN_SUSPICIOUS_MOVE = YES;
				CLANG_WARN_UNGUARDED_AVAILABILITY = YES_AGGRESSIVE;
				CLANG_WARN_UNREACHABLE_CODE = YES;
				CLANG_WARN__DUPLICATE_METHOD_MATCH = YES;
				CODE_SIGN_IDENTITY = "iPhone Developer";
				COPY_PHASE_STRIP = NO;
				DEBUG_INFORMATION_FORMAT = dwarf;
				ENABLE_STRICT_OBJC_MSGSEND = YES;
				ENABLE_TESTABILITY = YES;
				GCC_C_LANGUAGE_STANDARD = gnu11;
				GCC_DYNAMIC_NO_PIC = NO;
				GCC_NO_COMMON_BLOCKS = YES;
				GCC_OPTIMIZATION_LEVEL = 0;
				GCC_PREPROCESSOR_DEFINITIONS = (
					"DEBUG=1",
					"$(inherited)",
				);
				GCC_WARN_64_TO_32_BIT_CONVERSION = YES;
				GCC_WARN_ABOUT_RETURN_TYPE = YES_ERROR;
				GCC_WARN_UNDECLARED_SELECTOR = YES;
				GCC_WARN_UNINITIALIZED_AUTOS = YES_AGGRESSIVE;
				GCC_WARN_UNUSED_FUNCTION = YES;
				GCC_WARN_UNUSED_VARIABLE = YES;
				IPHONEOS_DEPLOYMENT_TARGET = 12.1;
				MTL_ENABLE_DEBUG_INFO = INCLUDE_SOURCE;
				MTL_FAST_MATH = YES;
				ONLY_ACTIVE_ARCH = YES;
				SDKROOT = iphoneos;
				SWIFT_ACTIVE_COMPILATION_CONDITIONS = DEBUG;
				SWIFT_OPTIMIZATION_LEVEL = "-Onone";
			};
			name = Debug;
		};
		84EBB29A22374EA900070530 /* Release */ = {
			isa = XCBuildConfiguration;
			buildSettings = {
				ALWAYS_SEARCH_USER_PATHS = NO;
				CLANG_ANALYZER_NONNULL = YES;
				CLANG_ANALYZER_NUMBER_OBJECT_CONVERSION = YES_AGGRESSIVE;
				CLANG_CXX_LANGUAGE_STANDARD = "gnu++14";
				CLANG_CXX_LIBRARY = "libc++";
				CLANG_ENABLE_MODULES = YES;
				CLANG_ENABLE_OBJC_ARC = YES;
				CLANG_ENABLE_OBJC_WEAK = YES;
				CLANG_WARN_BLOCK_CAPTURE_AUTORELEASING = YES;
				CLANG_WARN_BOOL_CONVERSION = YES;
				CLANG_WARN_COMMA = YES;
				CLANG_WARN_CONSTANT_CONVERSION = YES;
				CLANG_WARN_DEPRECATED_OBJC_IMPLEMENTATIONS = YES;
				CLANG_WARN_DIRECT_OBJC_ISA_USAGE = YES_ERROR;
				CLANG_WARN_DOCUMENTATION_COMMENTS = YES;
				CLANG_WARN_EMPTY_BODY = YES;
				CLANG_WARN_ENUM_CONVERSION = YES;
				CLANG_WARN_INFINITE_RECURSION = YES;
				CLANG_WARN_INT_CONVERSION = YES;
				CLANG_WARN_NON_LITERAL_NULL_CONVERSION = YES;
				CLANG_WARN_OBJC_IMPLICIT_RETAIN_SELF = YES;
				CLANG_WARN_OBJC_LITERAL_CONVERSION = YES;
				CLANG_WARN_OBJC_ROOT_CLASS = YES_ERROR;
				CLANG_WARN_RANGE_LOOP_ANALYSIS = YES;
				CLANG_WARN_STRICT_PROTOTYPES = YES;
				CLANG_WARN_SUSPICIOUS_MOVE = YES;
				CLANG_WARN_UNGUARDED_AVAILABILITY = YES_AGGRESSIVE;
				CLANG_WARN_UNREACHABLE_CODE = YES;
				CLANG_WARN__DUPLICATE_METHOD_MATCH = YES;
				CODE_SIGN_IDENTITY = "iPhone Developer";
				COPY_PHASE_STRIP = NO;
				DEBUG_INFORMATION_FORMAT = "dwarf-with-dsym";
				ENABLE_NS_ASSERTIONS = NO;
				ENABLE_STRICT_OBJC_MSGSEND = YES;
				GCC_C_LANGUAGE_STANDARD = gnu11;
				GCC_NO_COMMON_BLOCKS = YES;
				GCC_WARN_64_TO_32_BIT_CONVERSION = YES;
				GCC_WARN_ABOUT_RETURN_TYPE = YES_ERROR;
				GCC_WARN_UNDECLARED_SELECTOR = YES;
				GCC_WARN_UNINITIALIZED_AUTOS = YES_AGGRESSIVE;
				GCC_WARN_UNUSED_FUNCTION = YES;
				GCC_WARN_UNUSED_VARIABLE = YES;
				IPHONEOS_DEPLOYMENT_TARGET = 12.1;
				MTL_ENABLE_DEBUG_INFO = NO;
				MTL_FAST_MATH = YES;
				SDKROOT = iphoneos;
				SWIFT_COMPILATION_MODE = wholemodule;
				SWIFT_OPTIMIZATION_LEVEL = "-O";
				VALIDATE_PRODUCT = YES;
			};
			name = Release;
		};
		84EBB29C22374EA900070530 /* Debug */ = {
			isa = XCBuildConfiguration;
			baseConfigurationReference = 2C662912FAE0BACFCCD9BD91 /* Pods-CreateIcon.debug.xcconfig */;
			buildSettings = {
				ASSETCATALOG_COMPILER_APPICON_NAME = AppIcon;
				CODE_SIGN_STYLE = Automatic;
				INFOPLIST_FILE = CreateIcon/Info.plist;
				LD_RUNPATH_SEARCH_PATHS = (
					"$(inherited)",
					"@executable_path/Frameworks",
				);
				PRODUCT_BUNDLE_IDENTIFIER = com.teeza.CreateIcon;
				PRODUCT_NAME = "$(TARGET_NAME)";
				SWIFT_VERSION = 4.2;
				TARGETED_DEVICE_FAMILY = "1,2";
			};
			name = Debug;
		};
		84EBB29D22374EA900070530 /* Release */ = {
			isa = XCBuildConfiguration;
			baseConfigurationReference = 9E3337A1E2A342380B871E98 /* Pods-CreateIcon.release.xcconfig */;
			buildSettings = {
				ASSETCATALOG_COMPILER_APPICON_NAME = AppIcon;
				CODE_SIGN_STYLE = Automatic;
				INFOPLIST_FILE = CreateIcon/Info.plist;
				LD_RUNPATH_SEARCH_PATHS = (
					"$(inherited)",
					"@executable_path/Frameworks",
				);
				PRODUCT_BUNDLE_IDENTIFIER = com.teeza.CreateIcon;
				PRODUCT_NAME = "$(TARGET_NAME)";
				SWIFT_VERSION = 4.2;
				TARGETED_DEVICE_FAMILY = "1,2";
			};
			name = Release;
		};
		84EBB29F22374EA900070530 /* Debug */ = {
			isa = XCBuildConfiguration;
			baseConfigurationReference = 45641B48E7B812302C983CEC /* Pods-CreateIconTests.debug.xcconfig */;
			buildSettings = {
				ALWAYS_EMBED_SWIFT_STANDARD_LIBRARIES = YES;
				BUNDLE_LOADER = "$(TEST_HOST)";
				CODE_SIGN_STYLE = Automatic;
				INFOPLIST_FILE = CreateIconTests/Info.plist;
				LD_RUNPATH_SEARCH_PATHS = (
					"$(inherited)",
					"@executable_path/Frameworks",
					"@loader_path/Frameworks",
				);
				PRODUCT_BUNDLE_IDENTIFIER = com.teeza.CreateIconTests;
				PRODUCT_NAME = "$(TARGET_NAME)";
				SWIFT_VERSION = 4.2;
				TARGETED_DEVICE_FAMILY = "1,2";
				TEST_HOST = "$(BUILT_PRODUCTS_DIR)/CreateIcon.app/CreateIcon";
			};
			name = Debug;
		};
		84EBB2A022374EA900070530 /* Release */ = {
			isa = XCBuildConfiguration;
			baseConfigurationReference = 122096338CAFEE07C60ABE03 /* Pods-CreateIconTests.release.xcconfig */;
			buildSettings = {
				ALWAYS_EMBED_SWIFT_STANDARD_LIBRARIES = YES;
				BUNDLE_LOADER = "$(TEST_HOST)";
				CODE_SIGN_STYLE = Automatic;
				INFOPLIST_FILE = CreateIconTests/Info.plist;
				LD_RUNPATH_SEARCH_PATHS = (
					"$(inherited)",
					"@executable_path/Frameworks",
					"@loader_path/Frameworks",
				);
				PRODUCT_BUNDLE_IDENTIFIER = com.teeza.CreateIconTests;
				PRODUCT_NAME = "$(TARGET_NAME)";
				SWIFT_VERSION = 4.2;
				TARGETED_DEVICE_FAMILY = "1,2";
				TEST_HOST = "$(BUILT_PRODUCTS_DIR)/CreateIcon.app/CreateIcon";
			};
			name = Release;
		};
		84EBB2A222374EA900070530 /* Debug */ = {
			isa = XCBuildConfiguration;
			baseConfigurationReference = 9F03B671A8A7E37EE96A43C0 /* Pods-CreateIconUITests.debug.xcconfig */;
			buildSettings = {
				ALWAYS_EMBED_SWIFT_STANDARD_LIBRARIES = YES;
				CODE_SIGN_STYLE = Automatic;
				INFOPLIST_FILE = CreateIconUITests/Info.plist;
				LD_RUNPATH_SEARCH_PATHS = (
					"$(inherited)",
					"@executable_path/Frameworks",
					"@loader_path/Frameworks",
				);
				PRODUCT_BUNDLE_IDENTIFIER = com.teeza.CreateIconUITests;
				PRODUCT_NAME = "$(TARGET_NAME)";
				SWIFT_VERSION = 4.2;
				TARGETED_DEVICE_FAMILY = "1,2";
				TEST_TARGET_NAME = CreateIcon;
			};
			name = Debug;
		};
		84EBB2A322374EA900070530 /* Release */ = {
			isa = XCBuildConfiguration;
			baseConfigurationReference = F2838564458B356354A4A778 /* Pods-CreateIconUITests.release.xcconfig */;
			buildSettings = {
				ALWAYS_EMBED_SWIFT_STANDARD_LIBRARIES = YES;
				CODE_SIGN_STYLE = Automatic;
				INFOPLIST_FILE = CreateIconUITests/Info.plist;
				LD_RUNPATH_SEARCH_PATHS = (
					"$(inherited)",
					"@executable_path/Frameworks",
					"@loader_path/Frameworks",
				);
				PRODUCT_BUNDLE_IDENTIFIER = com.teeza.CreateIconUITests;
				PRODUCT_NAME = "$(TARGET_NAME)";
				SWIFT_VERSION = 4.2;
				TARGETED_DEVICE_FAMILY = "1,2";
				TEST_TARGET_NAME = CreateIcon;
			};
			name = Release;
		};
/* End XCBuildConfiguration section */

/* Begin XCConfigurationList section */
		84EBB26B22374EA600070530 /* Build configuration list for PBXProject "CreateIcon" */ = {
			isa = XCConfigurationList;
			buildConfigurations = (
				84EBB29922374EA900070530 /* Debug */,
				84EBB29A22374EA900070530 /* Release */,
			);
			defaultConfigurationIsVisible = 0;
			defaultConfigurationName = Release;
		};
		84EBB29B22374EA900070530 /* Build configuration list for PBXNativeTarget "CreateIcon" */ = {
			isa = XCConfigurationList;
			buildConfigurations = (
				84EBB29C22374EA900070530 /* Debug */,
				84EBB29D22374EA900070530 /* Release */,
			);
			defaultConfigurationIsVisible = 0;
			defaultConfigurationName = Release;
		};
		84EBB29E22374EA900070530 /* Build configuration list for PBXNativeTarget "CreateIconTests" */ = {
			isa = XCConfigurationList;
			buildConfigurations = (
				84EBB29F22374EA900070530 /* Debug */,
				84EBB2A022374EA900070530 /* Release */,
			);
			defaultConfigurationIsVisible = 0;
			defaultConfigurationName = Release;
		};
		84EBB2A122374EA900070530 /* Build configuration list for PBXNativeTarget "CreateIconUITests" */ = {
			isa = XCConfigurationList;
			buildConfigurations = (
				84EBB2A222374EA900070530 /* Debug */,
				84EBB2A322374EA900070530 /* Release */,
			);
			defaultConfigurationIsVisible = 0;
			defaultConfigurationName = Release;
		};
/* End XCConfigurationList section */

/* Begin XCVersionGroup section */
		84EBB27A22374EA700070530 /* CreateIcon.xcdatamodeld */ = {
			isa = XCVersionGroup;
			children = (
				84EBB27B22374EA700070530 /* CreateIcon.xcdatamodel */,
			);
			currentVersion = 84EBB27B22374EA700070530 /* CreateIcon.xcdatamodel */;
			path = CreateIcon.xcdatamodeld;
			sourceTree = "<group>";
			versionGroupType = wrapper.xcdatamodel;
		};
/* End XCVersionGroup section */
	};
	rootObject = 84EBB26822374EA600070530 /* Project object */;
}
